{
	"name": "shual",
	"version": "1.0.0",
	"lockfileVersion": 3,
	"requires": true,
	"packages": {
		"": {
			"name": "shual",
			"version": "1.0.0",
			"license": "MIT",
			"dependencies": {
				"@yaronkoresh/math": "^3.5.2"
			},
			"devDependencies": {
				"@swc/helpers": "^0.5.1",
				"esbuild": "^0.18.11"
			}
		},
		"node_modules/@esbuild/win32-x64": {
			"version": "0.18.20",
			"resolved": "https://registry.npmjs.org/@esbuild/win32-x64/-/win32-x64-0.18.20.tgz",
			"integrity": "sha512-kTdfRcSiDfQca/y9QIkng02avJ+NCaQvrMejlsB3RRv5sE9rRoeBPISaZpKxHELzRxZyLvNts1P27W3wV+8geQ==",
			"cpu": [
				"x64"
			],
			"dev": true,
			"optional": true,
			"os": [
				"win32"
			],
			"engines": {
				"node": ">=12"
			}
		},
		"node_modules/@swc/helpers": {
			"version": "0.5.3",
			"resolved": "https://registry.npmjs.org/@swc/helpers/-/helpers-0.5.3.tgz",
			"integrity": "sha512-FaruWX6KdudYloq1AHD/4nU+UsMTdNE8CKyrseXWEcgjDAbvkwJg2QGPAnfIJLIWsjZOSPLOAykK6fuYp4vp4A==",
			"dev": true,
			"dependencies": {
				"tslib": "^2.4.0"
			}
		},
		"node_modules/@yaronkoresh/math": {
			"version": "3.5.2",
			"resolved": "https://registry.npmjs.org/@yaronkoresh/math/-/math-3.5.2.tgz",
			"integrity": "sha512-gFKB7TWYj47kphtZazOGA4s+nt7kg0TzWe5FmdKa+WvNvcpo0Bemb0HbXyHeq1X8qMTSPmguTzupqczzK22zgQ=="
		},
		"node_modules/esbuild": {
			"version": "0.18.20",
			"resolved": "https://registry.npmjs.org/esbuild/-/esbuild-0.18.20.tgz",
			"integrity": "sha512-ceqxoedUrcayh7Y7ZX6NdbbDzGROiyVBgC4PriJThBKSVPWnnFHZAkfI1lJT8QFkOwH4qOS2SJkS4wvpGl8BpA==",
			"dev": true,
			"hasInstallScript": true,
			"bin": {
				"esbuild": "bin/esbuild"
			},
			"engines": {
				"node": ">=12"
			},
			"optionalDependencies": {
				"@esbuild/android-arm": "0.18.20",
				"@esbuild/android-arm64": "0.18.20",
				"@esbuild/android-x64": "0.18.20",
				"@esbuild/darwin-arm64": "0.18.20",
				"@esbuild/darwin-x64": "0.18.20",
				"@esbuild/freebsd-arm64": "0.18.20",
				"@esbuild/freebsd-x64": "0.18.20",
				"@esbuild/linux-arm": "0.18.20",
				"@esbuild/linux-arm64": "0.18.20",
				"@esbuild/linux-ia32": "0.18.20",
				"@esbuild/linux-loong64": "0.18.20",
				"@esbuild/linux-mips64el": "0.18.20",
				"@esbuild/linux-ppc64": "0.18.20",
				"@esbuild/linux-riscv64": "0.18.20",
				"@esbuild/linux-s390x": "0.18.20",
				"@esbuild/linux-x64": "0.18.20",
				"@esbuild/netbsd-x64": "0.18.20",
				"@esbuild/openbsd-x64": "0.18.20",
				"@esbuild/sunos-x64": "0.18.20",
				"@esbuild/win32-arm64": "0.18.20",
				"@esbuild/win32-ia32": "0.18.20",
				"@esbuild/win32-x64": "0.18.20"
			}
		},
		"node_modules/tslib": {
			"version": "2.6.2",
			"resolved": "https://registry.npmjs.org/tslib/-/tslib-2.6.2.tgz",
			"integrity": "sha512-AEYxH93jGFPn/a2iVAwW87VuUIkR1FVUKB77NwMF7nBTDkDrrT/Hpt/IrCJ0QXhW27jTBDcf5ZY7w6RiqTMw2Q==",
			"dev": true
		}
	}
}
